
Microsoft Visual Studio Solution File, Format Version 12.00
# Visual Studio Version 17
VisualStudioVersion = 17.4.33213.308
MinimumVisualStudioVersion = 10.0.40219.1
Project("{FAE04EC0-301F-11D3-BF4B-00C04F79EFBC}") = "api", "api\api.csproj", "{6FAF8B8C-F89A-40AE-B820-E8A3BF014A9D}"
EndProject
Global
	GlobalSection(SolutionConfigurationPlatforms) = preSolution
		Debug|Any CPU = Debug|Any CPU
		Release|Any CPU = Release|Any CPU
	EndGlobalSection
	GlobalSection(ProjectConfigurationPlatforms) = postSolution
		{6FAF8B8C-F89A-40AE-B820-E8A3BF014A9D}.Debug|Any CPU.ActiveCfg = Debug|Any CPU
		{6FAF8B8C-F89A-40AE-B820-E8A3BF014A9D}.Debug|Any CPU.Build.0 = Debug|Any CPU
		{6FAF8B8C-F89A-40AE-B820-E8A3BF014A9D}.Release|Any CPU.ActiveCfg = Release|Any CPU
		{6FAF8B8C-F89A-40AE-B820-E8A3BF014A9D}.Release|Any CPU.Build.0 = Release|Any CPU
	EndGlobalSection
	GlobalSection(SolutionProperties) = preSolution
		HideSolutionNode = FALSE
	EndGlobalSection
	GlobalSection(ExtensibilityGlobals) = postSolution
		SolutionGuid = {ECAB29A9-CA06-4446-B274-AE0550CBA00A}
	EndGlobalSection
EndGlobal
